// !$*UTF8*$!
{
	archiveVersion = 1;
	classes = {
	};
	objectVersion = 56;
	objects = {

/* Begin PBXBuildFile section */
		FB164EC72B8550540096EB9F /* CategoriesViewModel.swift in Sources */ = {isa = PBXBuildFile; fileRef = FB164EC62B8550540096EB9F /* CategoriesViewModel.swift */; };
		FB939E572B8105E700E84C1A /* AppDelegate.swift in Sources */ = {isa = PBXBuildFile; fileRef = FB939E562B8105E700E84C1A /* AppDelegate.swift */; };
		FB939E592B8105E700E84C1A /* SceneDelegate.swift in Sources */ = {isa = PBXBuildFile; fileRef = FB939E582B8105E700E84C1A /* SceneDelegate.swift */; };
		FB939E5B2B8105E700E84C1A /* WelcomeViewController.swift in Sources */ = {isa = PBXBuildFile; fileRef = FB939E5A2B8105E700E84C1A /* WelcomeViewController.swift */; };
		FB939E602B8105E900E84C1A /* Assets.xcassets in Resources */ = {isa = PBXBuildFile; fileRef = FB939E5F2B8105E900E84C1A /* Assets.xcassets */; };
		FB939E632B8105E900E84C1A /* LaunchScreen.storyboard in Resources */ = {isa = PBXBuildFile; fileRef = FB939E612B8105E900E84C1A /* LaunchScreen.storyboard */; };
		FB939E712B8107B000E84C1A /* Router.swift in Sources */ = {isa = PBXBuildFile; fileRef = FB939E702B8107B000E84C1A /* Router.swift */; };
		FB939E742B8107CC00E84C1A /* UIView+Extension.swift in Sources */ = {isa = PBXBuildFile; fileRef = FB939E732B8107CC00E84C1A /* UIView+Extension.swift */; };
		FB939E762B8107D600E84C1A /* Color+Extension.swift in Sources */ = {isa = PBXBuildFile; fileRef = FB939E752B8107D600E84C1A /* Color+Extension.swift */; };
		FB939E782B8107D900E84C1A /* Images.swift in Sources */ = {isa = PBXBuildFile; fileRef = FB939E772B8107D900E84C1A /* Images.swift */; };
		FBA623E72B840919002D7AE5 /* CategoriesViewController.swift in Sources */ = {isa = PBXBuildFile; fileRef = FBA623E62B840919002D7AE5 /* CategoriesViewController.swift */; };
		FBA623F12B84C64A002D7AE5 /* CategoryViewCell.swift in Sources */ = {isa = PBXBuildFile; fileRef = FBA623F02B84C64A002D7AE5 /* CategoryViewCell.swift */; };
/* End PBXBuildFile section */

/* Begin PBXFileReference section */
		FB164EC62B8550540096EB9F /* CategoriesViewModel.swift */ = {isa = PBXFileReference; lastKnownFileType = sourcecode.swift; path = CategoriesViewModel.swift; sourceTree = "<group>"; };
		FB939E532B8105E700E84C1A /* Groceries App.app */ = {isa = PBXFileReference; explicitFileType = wrapper.application; includeInIndex = 0; path = "Groceries App.app"; sourceTree = BUILT_PRODUCTS_DIR; };
		FB939E562B8105E700E84C1A /* AppDelegate.swift */ = {isa = PBXFileReference; lastKnownFileType = sourcecode.swift; path = AppDelegate.swift; sourceTree = "<group>"; };
		FB939E582B8105E700E84C1A /* SceneDelegate.swift */ = {isa = PBXFileReference; lastKnownFileType = sourcecode.swift; path = SceneDelegate.swift; sourceTree = "<group>"; };
		FB939E5A2B8105E700E84C1A /* WelcomeViewController.swift */ = {isa = PBXFileReference; lastKnownFileType = sourcecode.swift; path = WelcomeViewController.swift; sourceTree = "<group>"; };
		FB939E5F2B8105E900E84C1A /* Assets.xcassets */ = {isa = PBXFileReference; lastKnownFileType = folder.assetcatalog; path = Assets.xcassets; sourceTree = "<group>"; };
		FB939E622B8105E900E84C1A /* Base */ = {isa = PBXFileReference; lastKnownFileType = file.storyboard; name = Base; path = Base.lproj/LaunchScreen.storyboard; sourceTree = "<group>"; };
		FB939E642B8105E900E84C1A /* Info.plist */ = {isa = PBXFileReference; lastKnownFileType = text.plist.xml; path = Info.plist; sourceTree = "<group>"; };
		FB939E702B8107B000E84C1A /* Router.swift */ = {isa = PBXFileReference; lastKnownFileType = sourcecode.swift; path = Router.swift; sourceTree = "<group>"; };
		FB939E732B8107CC00E84C1A /* UIView+Extension.swift */ = {isa = PBXFileReference; lastKnownFileType = sourcecode.swift; path = "UIView+Extension.swift"; sourceTree = "<group>"; };
		FB939E752B8107D600E84C1A /* Color+Extension.swift */ = {isa = PBXFileReference; lastKnownFileType = sourcecode.swift; path = "Color+Extension.swift"; sourceTree = "<group>"; };
		FB939E772B8107D900E84C1A /* Images.swift */ = {isa = PBXFileReference; lastKnownFileType = sourcecode.swift; path = Images.swift; sourceTree = "<group>"; };
		FBA623E62B840919002D7AE5 /* CategoriesViewController.swift */ = {isa = PBXFileReference; lastKnownFileType = sourcecode.swift; path = CategoriesViewController.swift; sourceTree = "<group>"; };
		FBA623F02B84C64A002D7AE5 /* CategoryViewCell.swift */ = {isa = PBXFileReference; lastKnownFileType = sourcecode.swift; path = CategoryViewCell.swift; sourceTree = "<group>"; };
/* End PBXFileReference section */

/* Begin PBXFrameworksBuildPhase section */
		FB939E502B8105E700E84C1A /* Frameworks */ = {
			isa = PBXFrameworksBuildPhase;
			buildActionMask = 2147483647;
			files = (
			);
			runOnlyForDeploymentPostprocessing = 0;
		};
/* End PBXFrameworksBuildPhase section */

/* Begin PBXGroup section */
		FB939E4A2B8105E700E84C1A = {
			isa = PBXGroup;
			children = (
				FB939E552B8105E700E84C1A /* Groceries App */,
				FB939E542B8105E700E84C1A /* Products */,
			);
			sourceTree = "<group>";
		};
		FB939E542B8105E700E84C1A /* Products */ = {
			isa = PBXGroup;
			children = (
				FB939E532B8105E700E84C1A /* Groceries App.app */,
			);
			name = Products;
			sourceTree = "<group>";
		};
		FB939E552B8105E700E84C1A /* Groceries App */ = {
			isa = PBXGroup;
			children = (
				FB939E6F2B81079D00E84C1A /* Router */,
				FB939E6E2B81079500E84C1A /* Helpers */,
				FB939E6C2B81065600E84C1A /* Model */,
				FB939E6B2B81065100E84C1A /* View */,
				FB939E6A2B81064600E84C1A /* ViewModel */,
				FB939E562B8105E700E84C1A /* AppDelegate.swift */,
				FB939E582B8105E700E84C1A /* SceneDelegate.swift */,
				FB939E5F2B8105E900E84C1A /* Assets.xcassets */,
				FB939E612B8105E900E84C1A /* LaunchScreen.storyboard */,
				FB939E642B8105E900E84C1A /* Info.plist */,
			);
			path = "Groceries App";
			sourceTree = "<group>";
		};
		FB939E6A2B81064600E84C1A /* ViewModel */ = {
			isa = PBXGroup;
			children = (
				FB164EC62B8550540096EB9F /* CategoriesViewModel.swift */,
			);
			path = ViewModel;
			sourceTree = "<group>";
		};
		FB939E6B2B81065100E84C1A /* View */ = {
			isa = PBXGroup;
			children = (
				FB939E6D2B81065F00E84C1A /* Controllers */,
				FBA623F02B84C64A002D7AE5 /* CategoryViewCell.swift */,
			);
			path = View;
			sourceTree = "<group>";
		};
		FB939E6C2B81065600E84C1A /* Model */ = {
			isa = PBXGroup;
			children = (
			);
			path = Model;
			sourceTree = "<group>";
		};
		FB939E6D2B81065F00E84C1A /* Controllers */ = {
			isa = PBXGroup;
			children = (
				FB939E5A2B8105E700E84C1A /* WelcomeViewController.swift */,
				FBA623E62B840919002D7AE5 /* CategoriesViewController.swift */,
			);
			path = Controllers;
			sourceTree = "<group>";
		};
		FB939E6E2B81079500E84C1A /* Helpers */ = {
			isa = PBXGroup;
			children = (
				FB939E732B8107CC00E84C1A /* UIView+Extension.swift */,
				FB939E752B8107D600E84C1A /* Color+Extension.swift */,
				FB939E772B8107D900E84C1A /* Images.swift */,
			);
			path = Helpers;
			sourceTree = "<group>";
		};
		FB939E6F2B81079D00E84C1A /* Router */ = {
			isa = PBXGroup;
			children = (
				FB939E702B8107B000E84C1A /* Router.swift */,
			);
			path = Router;
			sourceTree = "<group>";
		};
/* End PBXGroup section */

/* Begin PBXNativeTarget section */
		FB939E522B8105E700E84C1A /* Groceries App */ = {
			isa = PBXNativeTarget;
			buildConfigurationList = FB939E672B8105E900E84C1A /* Build configuration list for PBXNativeTarget "Groceries App" */;
			buildPhases = (
				FB939E4F2B8105E700E84C1A /* Sources */,
				FB939E502B8105E700E84C1A /* Frameworks */,
				FB939E512B8105E700E84C1A /* Resources */,
			);
			buildRules = (
			);
			dependencies = (
			);
			name = "Groceries App";
			productName = "Groceries App";
			productReference = FB939E532B8105E700E84C1A /* Groceries App.app */;
			productType = "com.apple.product-type.application";
		};
/* End PBXNativeTarget section */

/* Begin PBXProject section */
		FB939E4B2B8105E700E84C1A /* Project object */ = {
			isa = PBXProject;
			attributes = {
				BuildIndependentTargetsInParallel = 1;
				LastSwiftUpdateCheck = 1520;
				LastUpgradeCheck = 1520;
				TargetAttributes = {
					FB939E522B8105E700E84C1A = {
						CreatedOnToolsVersion = 15.2;
					};
				};
			};
			buildConfigurationList = FB939E4E2B8105E700E84C1A /* Build configuration list for PBXProject "Groceries App" */;
			compatibilityVersion = "Xcode 14.0";
			developmentRegion = en;
			hasScannedForEncodings = 0;
			knownRegions = (
				en,
				Base,
			);
			mainGroup = FB939E4A2B8105E700E84C1A;
			productRefGroup = FB939E542B8105E700E84C1A /* Products */;
			projectDirPath = "";
			projectRoot = "";
			targets = (
				FB939E522B8105E700E84C1A /* Groceries App */,
			);
		};
/* End PBXProject section */

/* Begin PBXResourcesBuildPhase section */
		FB939E512B8105E700E84C1A /* Resources */ = {
			isa = PBXResourcesBuildPhase;
			buildActionMask = 2147483647;
			files = (
				FB939E632B8105E900E84C1A /* LaunchScreen.storyboard in Resources */,
				FB939E602B8105E900E84C1A /* Assets.xcassets in Resources */,
			);
			runOnlyForDeploymentPostprocessing = 0;
		};
/* End PBXResourcesBuildPhase section */

/* Begin PBXSourcesBuildPhase section */
		FB939E4F2B8105E700E84C1A /* Sources */ = {
			isa = PBXSourcesBuildPhase;
			buildActionMask = 2147483647;
			files = (
				FB939E782B8107D900E84C1A /* Images.swift in Sources */,
				FB939E712B8107B000E84C1A /* Router.swift in Sources */,
				FB164EC72B8550540096EB9F /* CategoriesViewModel.swift in Sources */,
				FB939E762B8107D600E84C1A /* Color+Extension.swift in Sources */,
				FB939E5B2B8105E700E84C1A /* WelcomeViewController.swift in Sources */,
				FB939E572B8105E700E84C1A /* AppDelegate.swift in Sources */,
				FB939E742B8107CC00E84C1A /* UIView+Extension.swift in Sources */,
				FBA623E72B840919002D7AE5 /* CategoriesViewController.swift in Sources */,
				FBA623F12B84C64A002D7AE5 /* CategoryViewCell.swift in Sources */,
				FB939E592B8105E700E84C1A /* SceneDelegate.swift in Sources */,
			);
			runOnlyForDeploymentPostprocessing = 0;
		};
/* End PBXSourcesBuildPhase section */

/* Begin PBXVariantGroup section */
		FB939E612B8105E900E84C1A /* LaunchScreen.storyboard */ = {
			isa = PBXVariantGroup;
			children = (
				FB939E622B8105E900E84C1A /* Base */,
			);
			name = LaunchScreen.storyboard;
			sourceTree = "<group>";
		};
/* End PBXVariantGroup section */

/* Begin XCBuildConfiguration section */
		FB939E652B8105E900E84C1A /* Debug */ = {
			isa = XCBuildConfiguration;
			buildSettings = {
				ALWAYS_SEARCH_USER_PATHS = NO;
				ASSETCATALOG_COMPILER_GENERATE_SWIFT_ASSET_SYMBOL_EXTENSIONS = YES;
				CLANG_ANALYZER_NONNULL = YES;
				CLANG_ANALYZER_NUMBER_OBJECT_CONVERSION = YES_AGGRESSIVE;
				CLANG_CXX_LANGUAGE_STANDARD = "gnu++20";
				CLANG_ENABLE_MODULES = YES;
				CLANG_ENABLE_OBJC_ARC = YES;
				CLANG_ENABLE_OBJC_WEAK = YES;
				CLANG_WARN_BLOCK_CAPTURE_AUTORELEASING = YES;
				CLANG_WARN_BOOL_CONVERSION = YES;
				CLANG_WARN_COMMA = YES;
				CLANG_WARN_CONSTANT_CONVERSION = YES;
				CLANG_WARN_DEPRECATED_OBJC_IMPLEMENTATIONS = YES;
				CLANG_WARN_DIRECT_OBJC_ISA_USAGE = YES_ERROR;
				CLANG_WARN_DOCUMENTATION_COMMENTS = YES;
				CLANG_WARN_EMPTY_BODY = YES;
				CLANG_WARN_ENUM_CONVERSION = YES;
				CLANG_WARN_INFINITE_RECURSION = YES;
				CLANG_WARN_INT_CONVERSION = YES;
				CLANG_WARN_NON_LITERAL_NULL_CONVERSION = YES;
				CLANG_WARN_OBJC_IMPLICIT_RETAIN_SELF = YES;
				CLANG_WARN_OBJC_LITERAL_CONVERSION = YES;
				CLANG_WARN_OBJC_ROOT_CLASS = YES_ERROR;
				CLANG_WARN_QUOTED_INCLUDE_IN_FRAMEWORK_HEADER = YES;
				CLANG_WARN_RANGE_LOOP_ANALYSIS = YES;
				CLANG_WARN_STRICT_PROTOTYPES = YES;
				CLANG_WARN_SUSPICIOUS_MOVE = YES;
				CLANG_WARN_UNGUARDED_AVAILABILITY = YES_AGGRESSIVE;
				CLANG_WARN_UNREACHABLE_CODE = YES;
				CLANG_WARN__DUPLICATE_METHOD_MATCH = YES;
				COPY_PHASE_STRIP = NO;
				DEBUG_INFORMATION_FORMAT = dwarf;
				ENABLE_STRICT_OBJC_MSGSEND = YES;
				ENABLE_TESTABILITY = YES;
				ENABLE_USER_SCRIPT_SANDBOXING = YES;
				GCC_C_LANGUAGE_STANDARD = gnu17;
				GCC_DYNAMIC_NO_PIC = NO;
				GCC_NO_COMMON_BLOCKS = YES;
				GCC_OPTIMIZATION_LEVEL = 0;
				GCC_PREPROCESSOR_DEFINITIONS = (
					"DEBUG=1",
					"$(inherited)",
				);
				GCC_WARN_64_TO_32_BIT_CONVERSION = YES;
				GCC_WARN_ABOUT_RETURN_TYPE = YES_ERROR;
				GCC_WARN_UNDECLARED_SELECTOR = YES;
				GCC_WARN_UNINITIALIZED_AUTOS = YES_AGGRESSIVE;
				GCC_WARN_UNUSED_FUNCTION = YES;
				GCC_WARN_UNUSED_VARIABLE = YES;
				IPHONEOS_DEPLOYMENT_TARGET = 17.2;
				LOCALIZATION_PREFERS_STRING_CATALOGS = YES;
				MTL_ENABLE_DEBUG_INFO = INCLUDE_SOURCE;
				MTL_FAST_MATH = YES;
				ONLY_ACTIVE_ARCH = YES;
				SDKROOT = iphoneos;
				SWIFT_ACTIVE_COMPILATION_CONDITIONS = "DEBUG $(inherited)";
				SWIFT_OPTIMIZATION_LEVEL = "-Onone";
			};
			name = Debug;
		};
		FB939E662B8105E900E84C1A /* Release */ = {
			isa = XCBuildConfiguration;
			buildSettings = {
				ALWAYS_SEARCH_USER_PATHS = NO;
				ASSETCATALOG_COMPILER_GENERATE_SWIFT_ASSET_SYMBOL_EXTENSIONS = YES;
				CLANG_ANALYZER_NONNULL = YES;
				CLANG_ANALYZER_NUMBER_OBJECT_CONVERSION = YES_AGGRESSIVE;
				CLANG_CXX_LANGUAGE_STANDARD = "gnu++20";
				CLANG_ENABLE_MODULES = YES;
				CLANG_ENABLE_OBJC_ARC = YES;
				CLANG_ENABLE_OBJC_WEAK = YES;
				CLANG_WARN_BLOCK_CAPTURE_AUTORELEASING = YES;
				CLANG_WARN_BOOL_CONVERSION = YES;
				CLANG_WARN_COMMA = YES;
				CLANG_WARN_CONSTANT_CONVERSION = YES;
				CLANG_WARN_DEPRECATED_OBJC_IMPLEMENTATIONS = YES;
				CLANG_WARN_DIRECT_OBJC_ISA_USAGE = YES_ERROR;
				CLANG_WARN_DOCUMENTATION_COMMENTS = YES;
				CLANG_WARN_EMPTY_BODY = YES;
				CLANG_WARN_ENUM_CONVERSION = YES;
				CLANG_WARN_INFINITE_RECURSION = YES;
				CLANG_WARN_INT_CONVERSION = YES;
				CLANG_WARN_NON_LITERAL_NULL_CONVERSION = YES;
				CLANG_WARN_OBJC_IMPLICIT_RETAIN_SELF = YES;
				CLANG_WARN_OBJC_LITERAL_CONVERSION = YES;
				CLANG_WARN_OBJC_ROOT_CLASS = YES_ERROR;
				CLANG_WARN_QUOTED_INCLUDE_IN_FRAMEWORK_HEADER = YES;
				CLANG_WARN_RANGE_LOOP_ANALYSIS = YES;
				CLANG_WARN_STRICT_PROTOTYPES = YES;
				CLANG_WARN_SUSPICIOUS_MOVE = YES;
				CLANG_WARN_UNGUARDED_AVAILABILITY = YES_AGGRESSIVE;
				CLANG_WARN_UNREACHABLE_CODE = YES;
				CLANG_WARN__DUPLICATE_METHOD_MATCH = YES;
				COPY_PHASE_STRIP = NO;
				DEBUG_INFORMATION_FORMAT = "dwarf-with-dsym";
				ENABLE_NS_ASSERTIONS = NO;
				ENABLE_STRICT_OBJC_MSGSEND = YES;
				ENABLE_USER_SCRIPT_SANDBOXING = YES;
				GCC_C_LANGUAGE_STANDARD = gnu17;
				GCC_NO_COMMON_BLOCKS = YES;
				GCC_WARN_64_TO_32_BIT_CONVERSION = YES;
				GCC_WARN_ABOUT_RETURN_TYPE = YES_ERROR;
				GCC_WARN_UNDECLARED_SELECTOR = YES;
				GCC_WARN_UNINITIALIZED_AUTOS = YES_AGGRESSIVE;
				GCC_WARN_UNUSED_FUNCTION = YES;
				GCC_WARN_UNUSED_VARIABLE = YES;
				IPHONEOS_DEPLOYMENT_TARGET = 17.2;
				LOCALIZATION_PREFERS_STRING_CATALOGS = YES;
				MTL_ENABLE_DEBUG_INFO = NO;
				MTL_FAST_MATH = YES;
				SDKROOT = iphoneos;
				SWIFT_COMPILATION_MODE = wholemodule;
				VALIDATE_PRODUCT = YES;
			};
			name = Release;
		};
		FB939E682B8105E900E84C1A /* Debug */ = {
			isa = XCBuildConfiguration;
			buildSettings = {
				ASSETCATALOG_COMPILER_APPICON_NAME = AppIcon;
				ASSETCATALOG_COMPILER_GLOBAL_ACCENT_COLOR_NAME = AccentColor;
				CODE_SIGN_STYLE = Automatic;
				CURRENT_PROJECT_VERSION = 1;
				DEVELOPMENT_TEAM = HM232RT6TS;
				GENERATE_INFOPLIST_FILE = YES;
				INFOPLIST_FILE = "Groceries App/Info.plist";
				INFOPLIST_KEY_UIApplicationSupportsIndirectInputEvents = YES;
				INFOPLIST_KEY_UILaunchStoryboardName = LaunchScreen;
				INFOPLIST_KEY_UIMainStoryboardFile = "";
				INFOPLIST_KEY_UISupportedInterfaceOrientations_iPad = "UIInterfaceOrientationPortrait UIInterfaceOrientationPortraitUpsideDown UIInterfaceOrientationLandscapeLeft UIInterfaceOrientationLandscapeRight";
				INFOPLIST_KEY_UISupportedInterfaceOrientations_iPhone = "UIInterfaceOrientationPortrait UIInterfaceOrientationLandscapeLeft UIInterfaceOrientationLandscapeRight";
				LD_RUNPATH_SEARCH_PATHS = (
					"$(inherited)",
					"@executable_path/Frameworks",
				);
				MARKETING_VERSION = 1.0;
				PRODUCT_BUNDLE_IDENTIFIER = "OrionInnovation.Groceries-App";
				PRODUCT_NAME = "$(TARGET_NAME)";
				SWIFT_EMIT_LOC_STRINGS = YES;
				SWIFT_VERSION = 5.0;
				TARGETED_DEVICE_FAMILY = "1,2";
			};
			name = Debug;
		};
		FB939E692B8105E900E84C1A /* Release */ = {
			isa = XCBuildConfiguration;
			buildSettings = {
				ASSETCATALOG_COMPILER_APPICON_NAME = AppIcon;
				ASSETCATALOG_COMPILER_GLOBAL_ACCENT_COLOR_NAME = AccentColor;
				CODE_SIGN_STYLE = Automatic;
				CURRENT_PROJECT_VERSION = 1;
				DEVELOPMENT_TEAM = HM232RT6TS;
				GENERATE_INFOPLIST_FILE = YES;
				INFOPLIST_FILE = "Groceries App/Info.plist";
				INFOPLIST_KEY_UIApplicationSupportsIndirectInputEvents = YES;
				INFOPLIST_KEY_UILaunchStoryboardName = LaunchScreen;
				INFOPLIST_KEY_UIMainStoryboardFile = "";
				INFOPLIST_KEY_UISupportedInterfaceOrientations_iPad = "UIInterfaceOrientationPortrait UIInterfaceOrientationPortraitUpsideDown UIInterfaceOrientationLandscapeLeft UIInterfaceOrientationLandscapeRight";
				INFOPLIST_KEY_UISupportedInterfaceOrientations_iPhone = "UIInterfaceOrientationPortrait UIInterfaceOrientationLandscapeLeft UIInterfaceOrientationLandscapeRight";
				LD_RUNPATH_SEARCH_PATHS = (
					"$(inherited)",
					"@executable_path/Frameworks",
				);
				MARKETING_VERSION = 1.0;
				PRODUCT_BUNDLE_IDENTIFIER = "OrionInnovation.Groceries-App";
				PRODUCT_NAME = "$(TARGET_NAME)";
				SWIFT_EMIT_LOC_STRINGS = YES;
				SWIFT_VERSION = 5.0;
				TARGETED_DEVICE_FAMILY = "1,2";
			};
			name = Release;
		};
/* End XCBuildConfiguration section */

/* Begin XCConfigurationList section */
		FB939E4E2B8105E700E84C1A /* Build configuration list for PBXProject "Groceries App" */ = {
			isa = XCConfigurationList;
			buildConfigurations = (
				FB939E652B8105E900E84C1A /* Debug */,
				FB939E662B8105E900E84C1A /* Release */,
			);
			defaultConfigurationIsVisible = 0;
			defaultConfigurationName = Release;
		};
		FB939E672B8105E900E84C1A /* Build configuration list for PBXNativeTarget "Groceries App" */ = {
			isa = XCConfigurationList;
			buildConfigurations = (
				FB939E682B8105E900E84C1A /* Debug */,
				FB939E692B8105E900E84C1A /* Release */,
			);
			defaultConfigurationIsVisible = 0;
			defaultConfigurationName = Release;
		};
/* End XCConfigurationList section */
	};
	rootObject = FB939E4B2B8105E700E84C1A /* Project object */;
}
